
Microsoft Visual Studio Solution File, Format Version 12.00
# Visual Studio Version 17
VisualStudioVersion = 17.9.34701.34
MinimumVisualStudioVersion = 10.0.40219.1
Project("{FAE04EC0-301F-11D3-BF4B-00C04F79EFBC}") = "MVCLoginApplication", "MVCLoginApplication\MVCLoginApplication.csproj", "{20288D46-A2CB-44FF-BDFC-2F508113B60B}"
EndProject
Global
	GlobalSection(SolutionConfigurationPlatforms) = preSolution
		Debug|Any CPU = Debug|Any CPU
		Release|Any CPU = Release|Any CPU
	EndGlobalSection
	GlobalSection(ProjectConfigurationPlatforms) = postSolution
		{20288D46-A2CB-44FF-BDFC-2F508113B60B}.Debug|Any CPU.ActiveCfg = Debug|Any CPU
		{20288D46-A2CB-44FF-BDFC-2F508113B60B}.Debug|Any CPU.Build.0 = Debug|Any CPU
		{20288D46-A2CB-44FF-BDFC-2F508113B60B}.Release|Any CPU.ActiveCfg = Release|Any CPU
		{20288D46-A2CB-44FF-BDFC-2F508113B60B}.Release|Any CPU.Build.0 = Release|Any CPU
	EndGlobalSection
	GlobalSection(SolutionProperties) = preSolution
		HideSolutionNode = FALSE
	EndGlobalSection
	GlobalSection(ExtensibilityGlobals) = postSolution
		SolutionGuid = {B0B0E895-5C6F-462D-86B3-D6367E4A9A62}
	EndGlobalSection
EndGlobal
